
Microsoft Visual Studio Solution File, Format Version 12.00
# Visual Studio Version 17
VisualStudioVersion = 17.11.35327.3
MinimumVisualStudioVersion = 10.0.40219.1
Project("{FAE04EC0-301F-11D3-BF4B-00C04F79EFBC}") = "AcunMedyaAkademiAgency", "AcunMedyaAkademiAgency\AcunMedyaAkademiAgency.csproj", "{BC0A9B43-AE50-4015-91AE-B09792AD1EEF}"
EndProject
Global
	GlobalSection(SolutionConfigurationPlatforms) = preSolution
		Debug|Any CPU = Debug|Any CPU
		Release|Any CPU = Release|Any CPU
	EndGlobalSection
	GlobalSection(ProjectConfigurationPlatforms) = postSolution
		{BC0A9B43-AE50-4015-91AE-B09792AD1EEF}.Debug|Any CPU.ActiveCfg = Debug|Any CPU
		{BC0A9B43-AE50-4015-91AE-B09792AD1EEF}.Debug|Any CPU.Build.0 = Debug|Any CPU
		{BC0A9B43-AE50-4015-91AE-B09792AD1EEF}.Release|Any CPU.ActiveCfg = Release|Any CPU
		{BC0A9B43-AE50-4015-91AE-B09792AD1EEF}.Release|Any CPU.Build.0 = Release|Any CPU
	EndGlobalSection
	GlobalSection(SolutionProperties) = preSolution
		HideSolutionNode = FALSE
	EndGlobalSection
	GlobalSection(ExtensibilityGlobals) = postSolution
		SolutionGuid = {68A9A270-CAD8-45AC-B7AB-1F7CAE8A5625}
	EndGlobalSection
EndGlobal
